<?xml version="1.0" encoding="utf-8"?>
<Project ToolsVersion="4.0" xmlns="http://schemas.microsoft.com/developer/msbuild/2003">
  <ItemGroup>
    <Filter Include="Source Files">
      <UniqueIdentifier>{4FC737F1-C7A5-4376-A066-2A32D752A2FF}</UniqueIdentifier>
      <Extensions>cpp;c;cc;cxx;def;odl;idl;hpj;bat;asm;asmx</Extensions>
    </Filter>
    <Filter Include="Header Files">
      <UniqueIdentifier>{93995380-89BD-4b04-88EB-625FBE52EBFB}</UniqueIdentifier>
      <Extensions>h;hh;hpp;hxx;hm;inl;inc;xsd</Extensions>
    </Filter>
    <Filter Include="Resource Files">
      <UniqueIdentifier>{67DA6AB6-F800-4c08-8B7A-83BB121AAD01}</UniqueIdentifier>
      <Extensions>rc;ico;cur;bmp;dlg;rc2;rct;bin;rgs;gif;jpg;jpeg;jpe;resx;tiff;tif;png;wav;mfcribbon-ms</Extensions>
    </Filter>
  </ItemGroup>
  <ItemGroup>
    <None Include="scarl.l">
      <Filter>Resource Files</Filter>
    </None>
    <None Include="scarl_tokens.y">
      <Filter>Resource Files</Filter>
    </None>
  </ItemGroup>
  <ItemGroup>
    <ClCompile Include="lex.yy.c">
      <Filter>Source Files</Filter>
    </ClCompile>
    <ClCompile Include="y.tab.c">
      <Filter>Source Files</Filter>
    </ClCompile>
    <ClCompile Include="scarlast.c">
      <Filter>Source Files</Filter>
    </ClCompile>
    <ClCompile Include="visitors.c">
      <Filter>Source Files</Filter>
    </ClCompile>
    <ClCompile Include="scarlnodestack.c">
      <Filter>Source Files</Filter>
    </ClCompile>
    <ClCompile Include="scarl_symboltable.c">
      <Filter>Source Files</Filter>
    </ClCompile>
    <ClCompile Include="arcl_codegen.c">
      <Filter>Source Files</Filter>
    </ClCompile>
    <ClCompile Include="function_labels.c">
      <Filter>Source Files</Filter>
    </ClCompile>
    <ClCompile Include="memory_layout.c">
      <Filter>Source Files</Filter>
    </ClCompile>
    <ClCompile Include="scarl_semantic_analysis.c">
      <Filter>Source Files</Filter>
    </ClCompile>
    <ClCompile Include="scarl_type.c">
      <Filter>Source Files</Filter>
    </ClCompile>
  </ItemGroup>
  <ItemGroup>
    <ClInclude Include="y.tab.h">
      <Filter>Header Files</Filter>
    </ClInclude>
    <ClInclude Include="scarlast.h">
      <Filter>Header Files</Filter>
    </ClInclude>
    <ClInclude Include="visitors.h">
      <Filter>Header Files</Filter>
    </ClInclude>
    <ClInclude Include="scarlnodestack.h">
      <Filter>Header Files</Filter>
    </ClInclude>
    <ClInclude Include="scarl_symboltable.h">
      <Filter>Header Files</Filter>
    </ClInclude>
    <ClInclude Include="arcl_codegen.h">
      <Filter>Header Files</Filter>
    </ClInclude>
    <ClInclude Include="function_labels.h">
      <Filter>Header Files</Filter>
    </ClInclude>
    <ClInclude Include="memory_layout.h">
      <Filter>Header Files</Filter>
    </ClInclude>
    <ClInclude Include="scarl_semantic_analysis.h">
      <Filter>Header Files</Filter>
    </ClInclude>
    <ClInclude Include="scarl_type.h">
      <Filter>Header Files</Filter>
    </ClInclude>
  </ItemGroup>
</Project>